
Microsoft Visual Studio Solution File, Format Version 12.00
# Visual Studio Version 16
VisualStudioVersion = 16.0.32126.315
MinimumVisualStudioVersion = 10.0.40219.1
Project("{8BC9CEB8-8B4A-11D0-8D11-00A0C91BC942}") = "Day3", "Day3\Day3.vcxproj", "{98E5A107-A6E6-48B1-85E3-26857848F94B}"
EndProject
Project("{8BC9CEB8-8B4A-11D0-8D11-00A0C91BC942}") = "Day1", "Day1\Day1.vcxproj", "{D58D1A24-F0A9-40E2-9D85-B49FD7C11C56}"
EndProject
Project("{8BC9CEB8-8B4A-11D0-8D11-00A0C91BC942}") = "Day2", "Day2\Day2.vcxproj", "{1E8DF429-06EB-473F-8190-331AF9CBD4E8}"
EndProject
Project("{8BC9CEB8-8B4A-11D0-8D11-00A0C91BC942}") = "Day4", "Day4\Day4.vcxproj", "{BE4BF6F9-59A5-4E33-856F-F66244252951}"
EndProject
Project("{8BC9CEB8-8B4A-11D0-8D11-00A0C91BC942}") = "Day5", "Day5\Day5.vcxproj", "{D38B1C57-EF2B-4981-9E6C-442D2E3CEA99}"
EndProject
Project("{8BC9CEB8-8B4A-11D0-8D11-00A0C91BC942}") = "Day6", "Day6\Day6.vcxproj", "{F3B7221E-54B8-4B4A-9C24-1CA77CBD10D0}"
EndProject
Global
	GlobalSection(SolutionConfigurationPlatforms) = preSolution
		Debug|x64 = Debug|x64
		Debug|x86 = Debug|x86
		Release|x64 = Release|x64
		Release|x86 = Release|x86
	EndGlobalSection
	GlobalSection(ProjectConfigurationPlatforms) = postSolution
		{98E5A107-A6E6-48B1-85E3-26857848F94B}.Debug|x64.ActiveCfg = Debug|x64
		{98E5A107-A6E6-48B1-85E3-26857848F94B}.Debug|x64.Build.0 = Debug|x64
		{98E5A107-A6E6-48B1-85E3-26857848F94B}.Debug|x86.ActiveCfg = Debug|Win32
		{98E5A107-A6E6-48B1-85E3-26857848F94B}.Debug|x86.Build.0 = Debug|Win32
		{98E5A107-A6E6-48B1-85E3-26857848F94B}.Release|x64.ActiveCfg = Release|x64
		{98E5A107-A6E6-48B1-85E3-26857848F94B}.Release|x64.Build.0 = Release|x64
		{98E5A107-A6E6-48B1-85E3-26857848F94B}.Release|x86.ActiveCfg = Release|Win32
		{98E5A107-A6E6-48B1-85E3-26857848F94B}.Release|x86.Build.0 = Release|Win32
		{D58D1A24-F0A9-40E2-9D85-B49FD7C11C56}.Debug|x64.ActiveCfg = Debug|x64
		{D58D1A24-F0A9-40E2-9D85-B49FD7C11C56}.Debug|x64.Build.0 = Debug|x64
		{D58D1A24-F0A9-40E2-9D85-B49FD7C11C56}.Debug|x86.ActiveCfg = Debug|Win32
		{D58D1A24-F0A9-40E2-9D85-B49FD7C11C56}.Debug|x86.Build.0 = Debug|Win32
		{D58D1A24-F0A9-40E2-9D85-B49FD7C11C56}.Release|x64.ActiveCfg = Release|x64
		{D58D1A24-F0A9-40E2-9D85-B49FD7C11C56}.Release|x64.Build.0 = Release|x64
		{D58D1A24-F0A9-40E2-9D85-B49FD7C11C56}.Release|x86.ActiveCfg = Release|Win32
		{D58D1A24-F0A9-40E2-9D85-B49FD7C11C56}.Release|x86.Build.0 = Release|Win32
		{1E8DF429-06EB-473F-8190-331AF9CBD4E8}.Debug|x64.ActiveCfg = Debug|x64
		{1E8DF429-06EB-473F-8190-331AF9CBD4E8}.Debug|x64.Build.0 = Debug|x64
		{1E8DF429-06EB-473F-8190-331AF9CBD4E8}.Debug|x86.ActiveCfg = Debug|Win32
		{1E8DF429-06EB-473F-8190-331AF9CBD4E8}.Debug|x86.Build.0 = Debug|Win32
		{1E8DF429-06EB-473F-8190-331AF9CBD4E8}.Release|x64.ActiveCfg = Release|x64
		{1E8DF429-06EB-473F-8190-331AF9CBD4E8}.Release|x64.Build.0 = Release|x64
		{1E8DF429-06EB-473F-8190-331AF9CBD4E8}.Release|x86.ActiveCfg = Release|Win32
		{1E8DF429-06EB-473F-8190-331AF9CBD4E8}.Release|x86.Build.0 = Release|Win32
		{BE4BF6F9-59A5-4E33-856F-F66244252951}.Debug|x64.ActiveCfg = Debug|x64
		{BE4BF6F9-59A5-4E33-856F-F66244252951}.Debug|x64.Build.0 = Debug|x64
		{BE4BF6F9-59A5-4E33-856F-F66244252951}.Debug|x86.ActiveCfg = Debug|Win32
		{BE4BF6F9-59A5-4E33-856F-F66244252951}.Debug|x86.Build.0 = Debug|Win32
		{BE4BF6F9-59A5-4E33-856F-F66244252951}.Release|x64.ActiveCfg = Release|x64
		{BE4BF6F9-59A5-4E33-856F-F66244252951}.Release|x64.Build.0 = Release|x64
		{BE4BF6F9-59A5-4E33-856F-F66244252951}.Release|x86.ActiveCfg = Release|Win32
		{BE4BF6F9-59A5-4E33-856F-F66244252951}.Release|x86.Build.0 = Release|Win32
		{D38B1C57-EF2B-4981-9E6C-442D2E3CEA99}.Debug|x64.ActiveCfg = Debug|x64
		{D38B1C57-EF2B-4981-9E6C-442D2E3CEA99}.Debug|x64.Build.0 = Debug|x64
		{D38B1C57-EF2B-4981-9E6C-442D2E3CEA99}.Debug|x86.ActiveCfg = Debug|Win32
		{D38B1C57-EF2B-4981-9E6C-442D2E3CEA99}.Debug|x86.Build.0 = Debug|Win32
		{D38B1C57-EF2B-4981-9E6C-442D2E3CEA99}.Release|x64.ActiveCfg = Release|x64
		{D38B1C57-EF2B-4981-9E6C-442D2E3CEA99}.Release|x64.Build.0 = Release|x64
		{D38B1C57-EF2B-4981-9E6C-442D2E3CEA99}.Release|x86.ActiveCfg = Release|Win32
		{D38B1C57-EF2B-4981-9E6C-442D2E3CEA99}.Release|x86.Build.0 = Release|Win32
		{F3B7221E-54B8-4B4A-9C24-1CA77CBD10D0}.Debug|x64.ActiveCfg = Debug|x64
		{F3B7221E-54B8-4B4A-9C24-1CA77CBD10D0}.Debug|x64.Build.0 = Debug|x64
		{F3B7221E-54B8-4B4A-9C24-1CA77CBD10D0}.Debug|x86.ActiveCfg = Debug|Win32
		{F3B7221E-54B8-4B4A-9C24-1CA77CBD10D0}.Debug|x86.Build.0 = Debug|Win32
		{F3B7221E-54B8-4B4A-9C24-1CA77CBD10D0}.Release|x64.ActiveCfg = Release|x64
		{F3B7221E-54B8-4B4A-9C24-1CA77CBD10D0}.Release|x64.Build.0 = Release|x64
		{F3B7221E-54B8-4B4A-9C24-1CA77CBD10D0}.Release|x86.ActiveCfg = Release|Win32
		{F3B7221E-54B8-4B4A-9C24-1CA77CBD10D0}.Release|x86.Build.0 = Release|Win32
	EndGlobalSection
	GlobalSection(SolutionProperties) = preSolution
		HideSolutionNode = FALSE
	EndGlobalSection
	GlobalSection(ExtensibilityGlobals) = postSolution
		SolutionGuid = {413C45E5-B918-49E9-A43D-3FAB884593C2}
	EndGlobalSection
EndGlobal
